
Microsoft Visual Studio Solution File, Format Version 12.00
# Visual Studio Version 16
VisualStudioVersion = 16.0.29920.165
MinimumVisualStudioVersion = 10.0.40219.1
Project("{FAE04EC0-301F-11D3-BF4B-00C04F79EFBC}") = "ConsoleApp1", "ConsoleApp1\ConsoleApp1.csproj", "{99FF4E94-64DD-479B-B1E7-FA8293660B07}"
EndProject
Global
	GlobalSection(SolutionConfigurationPlatforms) = preSolution
		Debug|Any CPU = Debug|Any CPU
		Release|Any CPU = Release|Any CPU
	EndGlobalSection
	GlobalSection(ProjectConfigurationPlatforms) = postSolution
		{99FF4E94-64DD-479B-B1E7-FA8293660B07}.Debug|Any CPU.ActiveCfg = Debug|Any CPU
		{99FF4E94-64DD-479B-B1E7-FA8293660B07}.Debug|Any CPU.Build.0 = Debug|Any CPU
		{99FF4E94-64DD-479B-B1E7-FA8293660B07}.Release|Any CPU.ActiveCfg = Release|Any CPU
		{99FF4E94-64DD-479B-B1E7-FA8293660B07}.Release|Any CPU.Build.0 = Release|Any CPU
	EndGlobalSection
	GlobalSection(SolutionProperties) = preSolution
		HideSolutionNode = FALSE
	EndGlobalSection
	GlobalSection(ExtensibilityGlobals) = postSolution
		SolutionGuid = {EA09251A-DEB6-4E0C-AA54-E2317B619185}
	EndGlobalSection
EndGlobal
